{
  "name": "tree-spike",
  "lockfileVersion": 3,
  "requires": true,
  "packages": {
    "": {
      "name": "tree-spike",
      "dependencies": {
        "relatives-tree": "^3.2.2"
      }
    },
    "node_modules/relatives-tree": {
      "version": "3.2.2",
      "resolved": "https://registry.npmjs.org/relatives-tree/-/relatives-tree-3.2.2.tgz",
      "integrity": "sha512-8FCyESqICQLytqcEaXtEgeISFsDKjWEccUX+XqjZLLwEhVUU9WksTDAAcTV/+cXx3qDhFehfN9eOAy4VOAmJrg==",
      "license": "MIT"
    }
  }
}
